
Microsoft Visual Studio Solution File, Format Version 12.00
# Visual Studio 14
VisualStudioVersion = 14.0.25420.1
MinimumVisualStudioVersion = 10.0.40219.1
Project("{FAE04EC0-301F-11D3-BF4B-00C04F79EFBC}") = "StartupProject", "Assembly_1\StartupProject.csproj", "{0E54FBD5-5138-42BB-A454-9B61E6E0D59B}"
EndProject
Project("{FAE04EC0-301F-11D3-BF4B-00C04F79EFBC}") = "AbstractFactory", "AbstractFactory\AbstractFactory.csproj", "{286DDC29-05FE-419B-9BBE-B944571B0095}"
EndProject
Project("{FAE04EC0-301F-11D3-BF4B-00C04F79EFBC}") = "ConcreteFactory", "ConcreteFactory\ConcreteFactory.csproj", "{84ED8016-80C3-415B-AB61-7564B275F539}"
EndProject
Global
	GlobalSection(SolutionConfigurationPlatforms) = preSolution
		Debug|Any CPU = Debug|Any CPU
		Release|Any CPU = Release|Any CPU
	EndGlobalSection
	GlobalSection(ProjectConfigurationPlatforms) = postSolution
		{0E54FBD5-5138-42BB-A454-9B61E6E0D59B}.Debug|Any CPU.ActiveCfg = Debug|Any CPU
		{0E54FBD5-5138-42BB-A454-9B61E6E0D59B}.Debug|Any CPU.Build.0 = Debug|Any CPU
		{0E54FBD5-5138-42BB-A454-9B61E6E0D59B}.Release|Any CPU.ActiveCfg = Release|Any CPU
		{0E54FBD5-5138-42BB-A454-9B61E6E0D59B}.Release|Any CPU.Build.0 = Release|Any CPU
		{286DDC29-05FE-419B-9BBE-B944571B0095}.Debug|Any CPU.ActiveCfg = Debug|Any CPU
		{286DDC29-05FE-419B-9BBE-B944571B0095}.Debug|Any CPU.Build.0 = Debug|Any CPU
		{286DDC29-05FE-419B-9BBE-B944571B0095}.Release|Any CPU.ActiveCfg = Release|Any CPU
		{286DDC29-05FE-419B-9BBE-B944571B0095}.Release|Any CPU.Build.0 = Release|Any CPU
		{84ED8016-80C3-415B-AB61-7564B275F539}.Debug|Any CPU.ActiveCfg = Debug|Any CPU
		{84ED8016-80C3-415B-AB61-7564B275F539}.Debug|Any CPU.Build.0 = Debug|Any CPU
		{84ED8016-80C3-415B-AB61-7564B275F539}.Release|Any CPU.ActiveCfg = Release|Any CPU
		{84ED8016-80C3-415B-AB61-7564B275F539}.Release|Any CPU.Build.0 = Release|Any CPU
	EndGlobalSection
	GlobalSection(SolutionProperties) = preSolution
		HideSolutionNode = FALSE
	EndGlobalSection
EndGlobal
